
Microsoft Visual Studio Solution File, Format Version 12.00
# Visual Studio 15
VisualStudioVersion = 15.0.27004.2002
MinimumVisualStudioVersion = 10.0.40219.1
Project("{FAE04EC0-301F-11D3-BF4B-00C04F79EFBC}") = "xtt2017_MVC", "xtt2017_MVC\xtt2017_MVC.csproj", "{000FD967-AD82-4DD5-9D91-5573C009B356}"
EndProject
Global
	GlobalSection(SolutionConfigurationPlatforms) = preSolution
		Debug|Any CPU = Debug|Any CPU
		Release|Any CPU = Release|Any CPU
	EndGlobalSection
	GlobalSection(ProjectConfigurationPlatforms) = postSolution
		{000FD967-AD82-4DD5-9D91-5573C009B356}.Debug|Any CPU.ActiveCfg = Debug|Any CPU
		{000FD967-AD82-4DD5-9D91-5573C009B356}.Debug|Any CPU.Build.0 = Debug|Any CPU
		{000FD967-AD82-4DD5-9D91-5573C009B356}.Release|Any CPU.ActiveCfg = Release|Any CPU
		{000FD967-AD82-4DD5-9D91-5573C009B356}.Release|Any CPU.Build.0 = Release|Any CPU
	EndGlobalSection
	GlobalSection(SolutionProperties) = preSolution
		HideSolutionNode = FALSE
	EndGlobalSection
	GlobalSection(ExtensibilityGlobals) = postSolution
		SolutionGuid = {E37D6FE4-E866-4284-A2E7-A3A4CF43368B}
	EndGlobalSection
EndGlobal
